// !$*UTF8*$!
{
	archiveVersion = 1;
	classes = {
	};
	objectVersion = 46;
	objects = {

/* Begin PBXBuildFile section */
		A70B4D991D46489800D3B387 /* LeftToRightAnimationController.swift in Sources */ = {isa = PBXBuildFile; fileRef = A70B4D961D46489800D3B387 /* LeftToRightAnimationController.swift */; };
		A70B4D9A1D46489800D3B387 /* RightToLeftReturnAnimationController.swift in Sources */ = {isa = PBXBuildFile; fileRef = A70B4D971D46489800D3B387 /* RightToLeftReturnAnimationController.swift */; };
		A70B4D9B1D46489800D3B387 /* SwipeInteractionController.swift in Sources */ = {isa = PBXBuildFile; fileRef = A70B4D981D46489800D3B387 /* SwipeInteractionController.swift */; };
		A71D98861D30E29600531580 /* AppDelegate.swift in Sources */ = {isa = PBXBuildFile; fileRef = A71D98851D30E29600531580 /* AppDelegate.swift */; };
		A71D988D1D30E29600531580 /* Assets.xcassets in Resources */ = {isa = PBXBuildFile; fileRef = A71D988C1D30E29600531580 /* Assets.xcassets */; };
		A71D98901D30E29600531580 /* LaunchScreen.storyboard in Resources */ = {isa = PBXBuildFile; fileRef = A71D988E1D30E29600531580 /* LaunchScreen.storyboard */; };
		A71D989C1D30ECD000531580 /* ScrollMenuViewController.swift in Sources */ = {isa = PBXBuildFile; fileRef = A71D989B1D30ECD000531580 /* ScrollMenuViewController.swift */; };
		A727F7591D323035006F0A07 /* LeftToRightAnimator_old.swift in Sources */ = {isa = PBXBuildFile; fileRef = A727F7581D323035006F0A07 /* LeftToRightAnimator_old.swift */; };
		A727F75D1D3234A1006F0A07 /* ChildMenuViewController.swift in Sources */ = {isa = PBXBuildFile; fileRef = A727F75C1D3234A1006F0A07 /* ChildMenuViewController.swift */; };
		A727F7611D327369006F0A07 /* SwipeInteractionController_old.swift in Sources */ = {isa = PBXBuildFile; fileRef = A727F7601D327369006F0A07 /* SwipeInteractionController_old.swift */; };
		A770BBFD1D48E5A4001D3989 /* ScrollMenuViewParent.swift in Sources */ = {isa = PBXBuildFile; fileRef = A770BBFC1D48E5A4001D3989 /* ScrollMenuViewParent.swift */; };
/* End PBXBuildFile section */

/* Begin PBXFileReference section */
		A70B4D961D46489800D3B387 /* LeftToRightAnimationController.swift */ = {isa = PBXFileReference; fileEncoding = 4; lastKnownFileType = sourcecode.swift; name = LeftToRightAnimationController.swift; path = ../ScrollMenuViewController/LeftToRightAnimationController.swift; sourceTree = "<group>"; };
		A70B4D971D46489800D3B387 /* RightToLeftReturnAnimationController.swift */ = {isa = PBXFileReference; fileEncoding = 4; lastKnownFileType = sourcecode.swift; name = RightToLeftReturnAnimationController.swift; path = ../ScrollMenuViewController/RightToLeftReturnAnimationController.swift; sourceTree = "<group>"; };
		A70B4D981D46489800D3B387 /* SwipeInteractionController.swift */ = {isa = PBXFileReference; fileEncoding = 4; lastKnownFileType = sourcecode.swift; name = SwipeInteractionController.swift; path = ../ScrollMenuViewController/SwipeInteractionController.swift; sourceTree = "<group>"; };
		A71D98821D30E29600531580 /* Demo.app */ = {isa = PBXFileReference; explicitFileType = wrapper.application; includeInIndex = 0; path = Demo.app; sourceTree = BUILT_PRODUCTS_DIR; };
		A71D98851D30E29600531580 /* AppDelegate.swift */ = {isa = PBXFileReference; lastKnownFileType = sourcecode.swift; path = AppDelegate.swift; sourceTree = "<group>"; };
		A71D988C1D30E29600531580 /* Assets.xcassets */ = {isa = PBXFileReference; lastKnownFileType = folder.assetcatalog; path = Assets.xcassets; sourceTree = "<group>"; };
		A71D988F1D30E29600531580 /* Base */ = {isa = PBXFileReference; lastKnownFileType = file.storyboard; name = Base; path = Base.lproj/LaunchScreen.storyboard; sourceTree = "<group>"; };
		A71D98911D30E29600531580 /* Info.plist */ = {isa = PBXFileReference; lastKnownFileType = text.plist.xml; path = Info.plist; sourceTree = "<group>"; };
		A71D989B1D30ECD000531580 /* ScrollMenuViewController.swift */ = {isa = PBXFileReference; fileEncoding = 4; lastKnownFileType = sourcecode.swift; name = ScrollMenuViewController.swift; path = ../ScrollMenuViewController/ScrollMenuViewController.swift; sourceTree = "<group>"; };
		A727F7581D323035006F0A07 /* LeftToRightAnimator_old.swift */ = {isa = PBXFileReference; fileEncoding = 4; lastKnownFileType = sourcecode.swift; name = LeftToRightAnimator_old.swift; path = ../ScrollMenuViewController/LeftToRightAnimator_old.swift; sourceTree = "<group>"; };
		A727F75C1D3234A1006F0A07 /* ChildMenuViewController.swift */ = {isa = PBXFileReference; fileEncoding = 4; lastKnownFileType = sourcecode.swift; name = ChildMenuViewController.swift; path = ../ScrollMenuViewController/ChildMenuViewController.swift; sourceTree = "<group>"; };
		A727F7601D327369006F0A07 /* SwipeInteractionController_old.swift */ = {isa = PBXFileReference; fileEncoding = 4; lastKnownFileType = sourcecode.swift; name = SwipeInteractionController_old.swift; path = ../ScrollMenuViewController/SwipeInteractionController_old.swift; sourceTree = "<group>"; };
		A770BBFC1D48E5A4001D3989 /* ScrollMenuViewParent.swift */ = {isa = PBXFileReference; fileEncoding = 4; lastKnownFileType = sourcecode.swift; name = ScrollMenuViewParent.swift; path = ../ScrollMenuViewController/ScrollMenuViewParent.swift; sourceTree = "<group>"; };
/* End PBXFileReference section */

/* Begin PBXFrameworksBuildPhase section */
		A71D987F1D30E29600531580 /* Frameworks */ = {
			isa = PBXFrameworksBuildPhase;
			buildActionMask = 2147483647;
			files = (
			);
			runOnlyForDeploymentPostprocessing = 0;
		};
/* End PBXFrameworksBuildPhase section */

/* Begin PBXGroup section */
		A71D98791D30E29600531580 = {
			isa = PBXGroup;
			children = (
				A71D98981D30E39D00531580 /* ScrollMenuViewController */,
				A71D98841D30E29600531580 /* Demo */,
				A71D98831D30E29600531580 /* Products */,
			);
			sourceTree = "<group>";
		};
		A71D98831D30E29600531580 /* Products */ = {
			isa = PBXGroup;
			children = (
				A71D98821D30E29600531580 /* Demo.app */,
			);
			name = Products;
			sourceTree = "<group>";
		};
		A71D98841D30E29600531580 /* Demo */ = {
			isa = PBXGroup;
			children = (
				A71D98851D30E29600531580 /* AppDelegate.swift */,
				A71D988C1D30E29600531580 /* Assets.xcassets */,
				A71D988E1D30E29600531580 /* LaunchScreen.storyboard */,
				A71D98911D30E29600531580 /* Info.plist */,
			);
			path = Demo;
			sourceTree = "<group>";
		};
		A71D98981D30E39D00531580 /* ScrollMenuViewController */ = {
			isa = PBXGroup;
			children = (
				A70B4D961D46489800D3B387 /* LeftToRightAnimationController.swift */,
				A70B4D971D46489800D3B387 /* RightToLeftReturnAnimationController.swift */,
				A70B4D981D46489800D3B387 /* SwipeInteractionController.swift */,
				A727F7601D327369006F0A07 /* SwipeInteractionController_old.swift */,
				A727F75C1D3234A1006F0A07 /* ChildMenuViewController.swift */,
				A71D989B1D30ECD000531580 /* ScrollMenuViewController.swift */,
				A727F7581D323035006F0A07 /* LeftToRightAnimator_old.swift */,
				A770BBFC1D48E5A4001D3989 /* ScrollMenuViewParent.swift */,
			);
			name = ScrollMenuViewController;
			sourceTree = "<group>";
		};
/* End PBXGroup section */

/* Begin PBXNativeTarget section */
		A71D98811D30E29600531580 /* Demo */ = {
			isa = PBXNativeTarget;
			buildConfigurationList = A71D98941D30E29600531580 /* Build configuration list for PBXNativeTarget "Demo" */;
			buildPhases = (
				A71D987E1D30E29600531580 /* Sources */,
				A71D987F1D30E29600531580 /* Frameworks */,
				A71D98801D30E29600531580 /* Resources */,
			);
			buildRules = (
			);
			dependencies = (
			);
			name = Demo;
			productName = Demo;
			productReference = A71D98821D30E29600531580 /* Demo.app */;
			productType = "com.apple.product-type.application";
		};
/* End PBXNativeTarget section */

/* Begin PBXProject section */
		A71D987A1D30E29600531580 /* Project object */ = {
			isa = PBXProject;
			attributes = {
				LastSwiftUpdateCheck = 0730;
				LastUpgradeCheck = 0730;
				ORGANIZATIONNAME = "swift-studying.com";
				TargetAttributes = {
					A71D98811D30E29600531580 = {
						CreatedOnToolsVersion = 7.3;
					};
				};
			};
			buildConfigurationList = A71D987D1D30E29600531580 /* Build configuration list for PBXProject "Demo" */;
			compatibilityVersion = "Xcode 3.2";
			developmentRegion = English;
			hasScannedForEncodings = 0;
			knownRegions = (
				en,
				Base,
			);
			mainGroup = A71D98791D30E29600531580;
			productRefGroup = A71D98831D30E29600531580 /* Products */;
			projectDirPath = "";
			projectRoot = "";
			targets = (
				A71D98811D30E29600531580 /* Demo */,
			);
		};
/* End PBXProject section */

/* Begin PBXResourcesBuildPhase section */
		A71D98801D30E29600531580 /* Resources */ = {
			isa = PBXResourcesBuildPhase;
			buildActionMask = 2147483647;
			files = (
				A71D98901D30E29600531580 /* LaunchScreen.storyboard in Resources */,
				A71D988D1D30E29600531580 /* Assets.xcassets in Resources */,
			);
			runOnlyForDeploymentPostprocessing = 0;
		};
/* End PBXResourcesBuildPhase section */

/* Begin PBXSourcesBuildPhase section */
		A71D987E1D30E29600531580 /* Sources */ = {
			isa = PBXSourcesBuildPhase;
			buildActionMask = 2147483647;
			files = (
				A770BBFD1D48E5A4001D3989 /* ScrollMenuViewParent.swift in Sources */,
				A727F75D1D3234A1006F0A07 /* ChildMenuViewController.swift in Sources */,
				A70B4D991D46489800D3B387 /* LeftToRightAnimationController.swift in Sources */,
				A71D989C1D30ECD000531580 /* ScrollMenuViewController.swift in Sources */,
				A727F7611D327369006F0A07 /* SwipeInteractionController_old.swift in Sources */,
				A727F7591D323035006F0A07 /* LeftToRightAnimator_old.swift in Sources */,
				A71D98861D30E29600531580 /* AppDelegate.swift in Sources */,
				A70B4D9B1D46489800D3B387 /* SwipeInteractionController.swift in Sources */,
				A70B4D9A1D46489800D3B387 /* RightToLeftReturnAnimationController.swift in Sources */,
			);
			runOnlyForDeploymentPostprocessing = 0;
		};
/* End PBXSourcesBuildPhase section */

/* Begin PBXVariantGroup section */
		A71D988E1D30E29600531580 /* LaunchScreen.storyboard */ = {
			isa = PBXVariantGroup;
			children = (
				A71D988F1D30E29600531580 /* Base */,
			);
			name = LaunchScreen.storyboard;
			sourceTree = "<group>";
		};
/* End PBXVariantGroup section */

/* Begin XCBuildConfiguration section */
		A71D98921D30E29600531580 /* Debug */ = {
			isa = XCBuildConfiguration;
			buildSettings = {
				ALWAYS_SEARCH_USER_PATHS = NO;
				CLANG_ANALYZER_NONNULL = YES;
				CLANG_CXX_LANGUAGE_STANDARD = "gnu++0x";
				CLANG_CXX_LIBRARY = "libc++";
				CLANG_ENABLE_MODULES = YES;
				CLANG_ENABLE_OBJC_ARC = YES;
				CLANG_WARN_BOOL_CONVERSION = YES;
				CLANG_WARN_CONSTANT_CONVERSION = YES;
				CLANG_WARN_DIRECT_OBJC_ISA_USAGE = YES_ERROR;
				CLANG_WARN_EMPTY_BODY = YES;
				CLANG_WARN_ENUM_CONVERSION = YES;
				CLANG_WARN_INT_CONVERSION = YES;
				CLANG_WARN_OBJC_ROOT_CLASS = YES_ERROR;
				CLANG_WARN_UNREACHABLE_CODE = YES;
				CLANG_WARN__DUPLICATE_METHOD_MATCH = YES;
				"CODE_SIGN_IDENTITY[sdk=iphoneos*]" = "iPhone Developer";
				COPY_PHASE_STRIP = NO;
				DEBUG_INFORMATION_FORMAT = dwarf;
				ENABLE_STRICT_OBJC_MSGSEND = YES;
				ENABLE_TESTABILITY = YES;
				GCC_C_LANGUAGE_STANDARD = gnu99;
				GCC_DYNAMIC_NO_PIC = NO;
				GCC_NO_COMMON_BLOCKS = YES;
				GCC_OPTIMIZATION_LEVEL = 0;
				GCC_PREPROCESSOR_DEFINITIONS = (
					"DEBUG=1",
					"$(inherited)",
				);
				GCC_WARN_64_TO_32_BIT_CONVERSION = YES;
				GCC_WARN_ABOUT_RETURN_TYPE = YES_ERROR;
				GCC_WARN_UNDECLARED_SELECTOR = YES;
				GCC_WARN_UNINITIALIZED_AUTOS = YES_AGGRESSIVE;
				GCC_WARN_UNUSED_FUNCTION = YES;
				GCC_WARN_UNUSED_VARIABLE = YES;
				IPHONEOS_DEPLOYMENT_TARGET = 9.3;
				MTL_ENABLE_DEBUG_INFO = YES;
				ONLY_ACTIVE_ARCH = YES;
				SDKROOT = iphoneos;
				SWIFT_OPTIMIZATION_LEVEL = "-Onone";
			};
			name = Debug;
		};
		A71D98931D30E29600531580 /* Release */ = {
			isa = XCBuildConfiguration;
			buildSettings = {
				ALWAYS_SEARCH_USER_PATHS = NO;
				CLANG_ANALYZER_NONNULL = YES;
				CLANG_CXX_LANGUAGE_STANDARD = "gnu++0x";
				CLANG_CXX_LIBRARY = "libc++";
				CLANG_ENABLE_MODULES = YES;
				CLANG_ENABLE_OBJC_ARC = YES;
				CLANG_WARN_BOOL_CONVERSION = YES;
				CLANG_WARN_CONSTANT_CONVERSION = YES;
				CLANG_WARN_DIRECT_OBJC_ISA_USAGE = YES_ERROR;
				CLANG_WARN_EMPTY_BODY = YES;
				CLANG_WARN_ENUM_CONVERSION = YES;
				CLANG_WARN_INT_CONVERSION = YES;
				CLANG_WARN_OBJC_ROOT_CLASS = YES_ERROR;
				CLANG_WARN_UNREACHABLE_CODE = YES;
				CLANG_WARN__DUPLICATE_METHOD_MATCH = YES;
				"CODE_SIGN_IDENTITY[sdk=iphoneos*]" = "iPhone Developer";
				COPY_PHASE_STRIP = NO;
				DEBUG_INFORMATION_FORMAT = "dwarf-with-dsym";
				ENABLE_NS_ASSERTIONS = NO;
				ENABLE_STRICT_OBJC_MSGSEND = YES;
				GCC_C_LANGUAGE_STANDARD = gnu99;
				GCC_NO_COMMON_BLOCKS = YES;
				GCC_WARN_64_TO_32_BIT_CONVERSION = YES;
				GCC_WARN_ABOUT_RETURN_TYPE = YES_ERROR;
				GCC_WARN_UNDECLARED_SELECTOR = YES;
				GCC_WARN_UNINITIALIZED_AUTOS = YES_AGGRESSIVE;
				GCC_WARN_UNUSED_FUNCTION = YES;
				GCC_WARN_UNUSED_VARIABLE = YES;
				IPHONEOS_DEPLOYMENT_TARGET = 9.3;
				MTL_ENABLE_DEBUG_INFO = NO;
				SDKROOT = iphoneos;
				VALIDATE_PRODUCT = YES;
			};
			name = Release;
		};
		A71D98951D30E29600531580 /* Debug */ = {
			isa = XCBuildConfiguration;
			buildSettings = {
				ASSETCATALOG_COMPILER_APPICON_NAME = AppIcon;
				INFOPLIST_FILE = Demo/Info.plist;
				LD_RUNPATH_SEARCH_PATHS = "$(inherited) @executable_path/Frameworks";
				PRODUCT_BUNDLE_IDENTIFIER = "com.swift-studying.Demo";
				PRODUCT_NAME = "$(TARGET_NAME)";
			};
			name = Debug;
		};
		A71D98961D30E29600531580 /* Release */ = {
			isa = XCBuildConfiguration;
			buildSettings = {
				ASSETCATALOG_COMPILER_APPICON_NAME = AppIcon;
				INFOPLIST_FILE = Demo/Info.plist;
				LD_RUNPATH_SEARCH_PATHS = "$(inherited) @executable_path/Frameworks";
				PRODUCT_BUNDLE_IDENTIFIER = "com.swift-studying.Demo";
				PRODUCT_NAME = "$(TARGET_NAME)";
			};
			name = Release;
		};
/* End XCBuildConfiguration section */

/* Begin XCConfigurationList section */
		A71D987D1D30E29600531580 /* Build configuration list for PBXProject "Demo" */ = {
			isa = XCConfigurationList;
			buildConfigurations = (
				A71D98921D30E29600531580 /* Debug */,
				A71D98931D30E29600531580 /* Release */,
			);
			defaultConfigurationIsVisible = 0;
			defaultConfigurationName = Release;
		};
		A71D98941D30E29600531580 /* Build configuration list for PBXNativeTarget "Demo" */ = {
			isa = XCConfigurationList;
			buildConfigurations = (
				A71D98951D30E29600531580 /* Debug */,
				A71D98961D30E29600531580 /* Release */,
			);
			defaultConfigurationIsVisible = 0;
			defaultConfigurationName = Release;
		};
/* End XCConfigurationList section */
	};
	rootObject = A71D987A1D30E29600531580 /* Project object */;
}
